
Microsoft Visual Studio Solution File, Format Version 12.00
# Visual Studio Express 14 for Web
VisualStudioVersion = 14.0.25420.1
MinimumVisualStudioVersion = 10.0.40219.1
Project("{FAE04EC0-301F-11D3-BF4B-00C04F79EFBC}") = "OktaMFASMS-ADFS", "OktaMFASMS-ADFS\OktaMFASMS-ADFS.csproj", "{CFF32BCB-81A6-492C-B236-E989BBB3186E}"
EndProject
Project("{FAE04EC0-301F-11D3-BF4B-00C04F79EFBC}") = "OktaMFAPush", "OktaMFA-Push\OktaMFAPush.csproj", "{96A15783-2086-4D5E-BF9F-EA62DF81742B}"
EndProject
Global
	GlobalSection(SolutionConfigurationPlatforms) = preSolution
		Debug|Any CPU = Debug|Any CPU
		Release|Any CPU = Release|Any CPU
	EndGlobalSection
	GlobalSection(ProjectConfigurationPlatforms) = postSolution
		{CFF32BCB-81A6-492C-B236-E989BBB3186E}.Debug|Any CPU.ActiveCfg = Debug|Any CPU
		{CFF32BCB-81A6-492C-B236-E989BBB3186E}.Debug|Any CPU.Build.0 = Debug|Any CPU
		{CFF32BCB-81A6-492C-B236-E989BBB3186E}.Release|Any CPU.ActiveCfg = Release|Any CPU
		{CFF32BCB-81A6-492C-B236-E989BBB3186E}.Release|Any CPU.Build.0 = Release|Any CPU
		{96A15783-2086-4D5E-BF9F-EA62DF81742B}.Debug|Any CPU.ActiveCfg = Debug|Any CPU
		{96A15783-2086-4D5E-BF9F-EA62DF81742B}.Debug|Any CPU.Build.0 = Debug|Any CPU
		{96A15783-2086-4D5E-BF9F-EA62DF81742B}.Release|Any CPU.ActiveCfg = Release|Any CPU
		{96A15783-2086-4D5E-BF9F-EA62DF81742B}.Release|Any CPU.Build.0 = Release|Any CPU
	EndGlobalSection
	GlobalSection(SolutionProperties) = preSolution
		HideSolutionNode = FALSE
	EndGlobalSection
EndGlobal
